
Microsoft Visual Studio Solution File, Format Version 12.00
# Visual Studio Version 17
VisualStudioVersion = 17.11.35312.102
MinimumVisualStudioVersion = 10.0.40219.1
Project("{FAE04EC0-301F-11D3-BF4B-00C04F79EFBC}") = "EntityDemo", "EntityDemo\EntityDemo.csproj", "{78B66717-256B-4A3B-8699-2C35CC44D64D}"
EndProject
Global
	GlobalSection(SolutionConfigurationPlatforms) = preSolution
		Debug|Any CPU = Debug|Any CPU
		Release|Any CPU = Release|Any CPU
	EndGlobalSection
	GlobalSection(ProjectConfigurationPlatforms) = postSolution
		{78B66717-256B-4A3B-8699-2C35CC44D64D}.Debug|Any CPU.ActiveCfg = Debug|Any CPU
		{78B66717-256B-4A3B-8699-2C35CC44D64D}.Debug|Any CPU.Build.0 = Debug|Any CPU
		{78B66717-256B-4A3B-8699-2C35CC44D64D}.Release|Any CPU.ActiveCfg = Release|Any CPU
		{78B66717-256B-4A3B-8699-2C35CC44D64D}.Release|Any CPU.Build.0 = Release|Any CPU
	EndGlobalSection
	GlobalSection(SolutionProperties) = preSolution
		HideSolutionNode = FALSE
	EndGlobalSection
	GlobalSection(ExtensibilityGlobals) = postSolution
		SolutionGuid = {A4D2EA5C-B5CB-424A-8876-FD3608A8FF5D}
	EndGlobalSection
EndGlobal
